
Microsoft Visual Studio Solution File, Format Version 12.00
# Visual Studio 2012
Project("{FAE04EC0-301F-11D3-BF4B-00C04F79EFBC}") = "Modul03", "Modul03\Modul03.csproj", "{529C59DE-BC16-4F29-95E3-EFBAFD82032C}"
EndProject
Project("{FAE04EC0-301F-11D3-BF4B-00C04F79EFBC}") = "BoolExplore", "BoolExplore\BoolExplore.csproj", "{F161B89A-70E2-4CFD-BD92-8F10304F250E}"
EndProject
Global
	GlobalSection(SolutionConfigurationPlatforms) = preSolution
		Debug|x86 = Debug|x86
		Release|x86 = Release|x86
	EndGlobalSection
	GlobalSection(ProjectConfigurationPlatforms) = postSolution
		{529C59DE-BC16-4F29-95E3-EFBAFD82032C}.Debug|x86.ActiveCfg = Debug|x86
		{529C59DE-BC16-4F29-95E3-EFBAFD82032C}.Debug|x86.Build.0 = Debug|x86
		{529C59DE-BC16-4F29-95E3-EFBAFD82032C}.Release|x86.ActiveCfg = Release|x86
		{529C59DE-BC16-4F29-95E3-EFBAFD82032C}.Release|x86.Build.0 = Release|x86
		{F161B89A-70E2-4CFD-BD92-8F10304F250E}.Debug|x86.ActiveCfg = Debug|x86
		{F161B89A-70E2-4CFD-BD92-8F10304F250E}.Debug|x86.Build.0 = Debug|x86
		{F161B89A-70E2-4CFD-BD92-8F10304F250E}.Release|x86.ActiveCfg = Release|x86
		{F161B89A-70E2-4CFD-BD92-8F10304F250E}.Release|x86.Build.0 = Release|x86
	EndGlobalSection
EndGlobal
